// !$*UTF8*$!
{
	archiveVersion = 1;
	classes = {
	};
	objectVersion = 50;
	objects = {

/* Begin PBXBuildFile section */
		A9582EEE232F575D0056C804 /* AppDelegate.m in Sources */ = {isa = PBXBuildFile; fileRef = A9582EED232F575D0056C804 /* AppDelegate.m */; };
		A9582EF1232F575D0056C804 /* ViewController.m in Sources */ = {isa = PBXBuildFile; fileRef = A9582EF0232F575D0056C804 /* ViewController.m */; };
		A9582EF4232F575D0056C804 /* Main.storyboard in Resources */ = {isa = PBXBuildFile; fileRef = A9582EF2232F575D0056C804 /* Main.storyboard */; };
		A9582EF6232F575E0056C804 /* Assets.xcassets in Resources */ = {isa = PBXBuildFile; fileRef = A9582EF5232F575E0056C804 /* Assets.xcassets */; };
		A9582EF9232F575E0056C804 /* LaunchScreen.storyboard in Resources */ = {isa = PBXBuildFile; fileRef = A9582EF7232F575E0056C804 /* LaunchScreen.storyboard */; };
		A9582EFC232F575E0056C804 /* main.m in Sources */ = {isa = PBXBuildFile; fileRef = A9582EFB232F575E0056C804 /* main.m */; };
		A9582F06232F575E0056C804 /* CalculatorTests.m in Sources */ = {isa = PBXBuildFile; fileRef = A9582F05232F575E0056C804 /* CalculatorTests.m */; };
		A9582F11232F575E0056C804 /* CalculatorUITests.m in Sources */ = {isa = PBXBuildFile; fileRef = A9582F10232F575E0056C804 /* CalculatorUITests.m */; };
/* End PBXBuildFile section */

/* Begin PBXContainerItemProxy section */
		A9582F02232F575E0056C804 /* PBXContainerItemProxy */ = {
			isa = PBXContainerItemProxy;
			containerPortal = A9582EE1232F575D0056C804 /* Project object */;
			proxyType = 1;
			remoteGlobalIDString = A9582EE8232F575D0056C804;
			remoteInfo = Calculator;
		};
		A9582F0D232F575E0056C804 /* PBXContainerItemProxy */ = {
			isa = PBXContainerItemProxy;
			containerPortal = A9582EE1232F575D0056C804 /* Project object */;
			proxyType = 1;
			remoteGlobalIDString = A9582EE8232F575D0056C804;
			remoteInfo = Calculator;
		};
/* End PBXContainerItemProxy section */

/* Begin PBXFileReference section */
		A9582EE9232F575D0056C804 /* Calculator.app */ = {isa = PBXFileReference; explicitFileType = wrapper.application; includeInIndex = 0; path = Calculator.app; sourceTree = BUILT_PRODUCTS_DIR; };
		A9582EEC232F575D0056C804 /* AppDelegate.h */ = {isa = PBXFileReference; lastKnownFileType = sourcecode.c.h; path = AppDelegate.h; sourceTree = "<group>"; };
		A9582EED232F575D0056C804 /* AppDelegate.m */ = {isa = PBXFileReference; lastKnownFileType = sourcecode.c.objc; path = AppDelegate.m; sourceTree = "<group>"; };
		A9582EEF232F575D0056C804 /* ViewController.h */ = {isa = PBXFileReference; lastKnownFileType = sourcecode.c.h; path = ViewController.h; sourceTree = "<group>"; };
		A9582EF0232F575D0056C804 /* ViewController.m */ = {isa = PBXFileReference; lastKnownFileType = sourcecode.c.objc; path = ViewController.m; sourceTree = "<group>"; };
		A9582EF3232F575D0056C804 /* Base */ = {isa = PBXFileReference; lastKnownFileType = file.storyboard; name = Base; path = Base.lproj/Main.storyboard; sourceTree = "<group>"; };
		A9582EF5232F575E0056C804 /* Assets.xcassets */ = {isa = PBXFileReference; lastKnownFileType = folder.assetcatalog; path = Assets.xcassets; sourceTree = "<group>"; };
		A9582EF8232F575E0056C804 /* Base */ = {isa = PBXFileReference; lastKnownFileType = file.storyboard; name = Base; path = Base.lproj/LaunchScreen.storyboard; sourceTree = "<group>"; };
		A9582EFA232F575E0056C804 /* Info.plist */ = {isa = PBXFileReference; lastKnownFileType = text.plist.xml; path = Info.plist; sourceTree = "<group>"; };
		A9582EFB232F575E0056C804 /* main.m */ = {isa = PBXFileReference; lastKnownFileType = sourcecode.c.objc; path = main.m; sourceTree = "<group>"; };
		A9582F01232F575E0056C804 /* CalculatorTests.xctest */ = {isa = PBXFileReference; explicitFileType = wrapper.cfbundle; includeInIndex = 0; path = CalculatorTests.xctest; sourceTree = BUILT_PRODUCTS_DIR; };
		A9582F05232F575E0056C804 /* CalculatorTests.m */ = {isa = PBXFileReference; lastKnownFileType = sourcecode.c.objc; path = CalculatorTests.m; sourceTree = "<group>"; };
		A9582F07232F575E0056C804 /* Info.plist */ = {isa = PBXFileReference; lastKnownFileType = text.plist.xml; path = Info.plist; sourceTree = "<group>"; };
		A9582F0C232F575E0056C804 /* CalculatorUITests.xctest */ = {isa = PBXFileReference; explicitFileType = wrapper.cfbundle; includeInIndex = 0; path = CalculatorUITests.xctest; sourceTree = BUILT_PRODUCTS_DIR; };
		A9582F10232F575E0056C804 /* CalculatorUITests.m */ = {isa = PBXFileReference; lastKnownFileType = sourcecode.c.objc; path = CalculatorUITests.m; sourceTree = "<group>"; };
		A9582F12232F575F0056C804 /* Info.plist */ = {isa = PBXFileReference; lastKnownFileType = text.plist.xml; path = Info.plist; sourceTree = "<group>"; };
/* End PBXFileReference section */

/* Begin PBXFrameworksBuildPhase section */
		A9582EE6232F575D0056C804 /* Frameworks */ = {
			isa = PBXFrameworksBuildPhase;
			buildActionMask = 2147483647;
			files = (
			);
			runOnlyForDeploymentPostprocessing = 0;
		};
		A9582EFE232F575E0056C804 /* Frameworks */ = {
			isa = PBXFrameworksBuildPhase;
			buildActionMask = 2147483647;
			files = (
			);
			runOnlyForDeploymentPostprocessing = 0;
		};
		A9582F09232F575E0056C804 /* Frameworks */ = {
			isa = PBXFrameworksBuildPhase;
			buildActionMask = 2147483647;
			files = (
			);
			runOnlyForDeploymentPostprocessing = 0;
		};
/* End PBXFrameworksBuildPhase section */

/* Begin PBXGroup section */
		A9582EE0232F575D0056C804 = {
			isa = PBXGroup;
			children = (
				A9582EEB232F575D0056C804 /* Calculator */,
				A9582F04232F575E0056C804 /* CalculatorTests */,
				A9582F0F232F575E0056C804 /* CalculatorUITests */,
				A9582EEA232F575D0056C804 /* Products */,
			);
			sourceTree = "<group>";
		};
		A9582EEA232F575D0056C804 /* Products */ = {
			isa = PBXGroup;
			children = (
				A9582EE9232F575D0056C804 /* Calculator.app */,
				A9582F01232F575E0056C804 /* CalculatorTests.xctest */,
				A9582F0C232F575E0056C804 /* CalculatorUITests.xctest */,
			);
			name = Products;
			sourceTree = "<group>";
		};
		A9582EEB232F575D0056C804 /* Calculator */ = {
			isa = PBXGroup;
			children = (
				A9582EEC232F575D0056C804 /* AppDelegate.h */,
				A9582EED232F575D0056C804 /* AppDelegate.m */,
				A9582EEF232F575D0056C804 /* ViewController.h */,
				A9582EF0232F575D0056C804 /* ViewController.m */,
				A9582EF2232F575D0056C804 /* Main.storyboard */,
				A9582EF5232F575E0056C804 /* Assets.xcassets */,
				A9582EF7232F575E0056C804 /* LaunchScreen.storyboard */,
				A9582EFA232F575E0056C804 /* Info.plist */,
				A9582EFB232F575E0056C804 /* main.m */,
			);
			path = Calculator;
			sourceTree = "<group>";
		};
		A9582F04232F575E0056C804 /* CalculatorTests */ = {
			isa = PBXGroup;
			children = (
				A9582F05232F575E0056C804 /* CalculatorTests.m */,
				A9582F07232F575E0056C804 /* Info.plist */,
			);
			path = CalculatorTests;
			sourceTree = "<group>";
		};
		A9582F0F232F575E0056C804 /* CalculatorUITests */ = {
			isa = PBXGroup;
			children = (
				A9582F10232F575E0056C804 /* CalculatorUITests.m */,
				A9582F12232F575F0056C804 /* Info.plist */,
			);
			path = CalculatorUITests;
			sourceTree = "<group>";
		};
/* End PBXGroup section */

/* Begin PBXNativeTarget section */
		A9582EE8232F575D0056C804 /* Calculator */ = {
			isa = PBXNativeTarget;
			buildConfigurationList = A9582F15232F575F0056C804 /* Build configuration list for PBXNativeTarget "Calculator" */;
			buildPhases = (
				A9582EE5232F575D0056C804 /* Sources */,
				A9582EE6232F575D0056C804 /* Frameworks */,
				A9582EE7232F575D0056C804 /* Resources */,
			);
			buildRules = (
			);
			dependencies = (
			);
			name = Calculator;
			productName = Calculator;
			productReference = A9582EE9232F575D0056C804 /* Calculator.app */;
			productType = "com.apple.product-type.application";
		};
		A9582F00232F575E0056C804 /* CalculatorTests */ = {
			isa = PBXNativeTarget;
			buildConfigurationList = A9582F18232F575F0056C804 /* Build configuration list for PBXNativeTarget "CalculatorTests" */;
			buildPhases = (
				A9582EFD232F575E0056C804 /* Sources */,
				A9582EFE232F575E0056C804 /* Frameworks */,
				A9582EFF232F575E0056C804 /* Resources */,
			);
			buildRules = (
			);
			dependencies = (
				A9582F03232F575E0056C804 /* PBXTargetDependency */,
			);
			name = CalculatorTests;
			productName = CalculatorTests;
			productReference = A9582F01232F575E0056C804 /* CalculatorTests.xctest */;
			productType = "com.apple.product-type.bundle.unit-test";
		};
		A9582F0B232F575E0056C804 /* CalculatorUITests */ = {
			isa = PBXNativeTarget;
			buildConfigurationList = A9582F1B232F575F0056C804 /* Build configuration list for PBXNativeTarget "CalculatorUITests" */;
			buildPhases = (
				A9582F08232F575E0056C804 /* Sources */,
				A9582F09232F575E0056C804 /* Frameworks */,
				A9582F0A232F575E0056C804 /* Resources */,
			);
			buildRules = (
			);
			dependencies = (
				A9582F0E232F575E0056C804 /* PBXTargetDependency */,
			);
			name = CalculatorUITests;
			productName = CalculatorUITests;
			productReference = A9582F0C232F575E0056C804 /* CalculatorUITests.xctest */;
			productType = "com.apple.product-type.bundle.ui-testing";
		};
/* End PBXNativeTarget section */

/* Begin PBXProject section */
		A9582EE1232F575D0056C804 /* Project object */ = {
			isa = PBXProject;
			attributes = {
				LastUpgradeCheck = 1010;
				ORGANIZATIONNAME = p16_newBlood;
				TargetAttributes = {
					A9582EE8232F575D0056C804 = {
						CreatedOnToolsVersion = 10.1;
					};
					A9582F00232F575E0056C804 = {
						CreatedOnToolsVersion = 10.1;
						TestTargetID = A9582EE8232F575D0056C804;
					};
					A9582F0B232F575E0056C804 = {
						CreatedOnToolsVersion = 10.1;
						TestTargetID = A9582EE8232F575D0056C804;
					};
				};
			};
			buildConfigurationList = A9582EE4232F575D0056C804 /* Build configuration list for PBXProject "Calculator" */;
			compatibilityVersion = "Xcode 9.3";
			developmentRegion = en;
			hasScannedForEncodings = 0;
			knownRegions = (
				en,
				Base,
			);
			mainGroup = A9582EE0232F575D0056C804;
			productRefGroup = A9582EEA232F575D0056C804 /* Products */;
			projectDirPath = "";
			projectRoot = "";
			targets = (
				A9582EE8232F575D0056C804 /* Calculator */,
				A9582F00232F575E0056C804 /* CalculatorTests */,
				A9582F0B232F575E0056C804 /* CalculatorUITests */,
			);
		};
/* End PBXProject section */

/* Begin PBXResourcesBuildPhase section */
		A9582EE7232F575D0056C804 /* Resources */ = {
			isa = PBXResourcesBuildPhase;
			buildActionMask = 2147483647;
			files = (
				A9582EF9232F575E0056C804 /* LaunchScreen.storyboard in Resources */,
				A9582EF6232F575E0056C804 /* Assets.xcassets in Resources */,
				A9582EF4232F575D0056C804 /* Main.storyboard in Resources */,
			);
			runOnlyForDeploymentPostprocessing = 0;
		};
		A9582EFF232F575E0056C804 /* Resources */ = {
			isa = PBXResourcesBuildPhase;
			buildActionMask = 2147483647;
			files = (
			);
			runOnlyForDeploymentPostprocessing = 0;
		};
		A9582F0A232F575E0056C804 /* Resources */ = {
			isa = PBXResourcesBuildPhase;
			buildActionMask = 2147483647;
			files = (
			);
			runOnlyForDeploymentPostprocessing = 0;
		};
/* End PBXResourcesBuildPhase section */

/* Begin PBXSourcesBuildPhase section */
		A9582EE5232F575D0056C804 /* Sources */ = {
			isa = PBXSourcesBuildPhase;
			buildActionMask = 2147483647;
			files = (
				A9582EF1232F575D0056C804 /* ViewController.m in Sources */,
				A9582EFC232F575E0056C804 /* main.m in Sources */,
				A9582EEE232F575D0056C804 /* AppDelegate.m in Sources */,
			);
			runOnlyForDeploymentPostprocessing = 0;
		};
		A9582EFD232F575E0056C804 /* Sources */ = {
			isa = PBXSourcesBuildPhase;
			buildActionMask = 2147483647;
			files = (
				A9582F06232F575E0056C804 /* CalculatorTests.m in Sources */,
			);
			runOnlyForDeploymentPostprocessing = 0;
		};
		A9582F08232F575E0056C804 /* Sources */ = {
			isa = PBXSourcesBuildPhase;
			buildActionMask = 2147483647;
			files = (
				A9582F11232F575E0056C804 /* CalculatorUITests.m in Sources */,
			);
			runOnlyForDeploymentPostprocessing = 0;
		};
/* End PBXSourcesBuildPhase section */

/* Begin PBXTargetDependency section */
		A9582F03232F575E0056C804 /* PBXTargetDependency */ = {
			isa = PBXTargetDependency;
			target = A9582EE8232F575D0056C804 /* Calculator */;
			targetProxy = A9582F02232F575E0056C804 /* PBXContainerItemProxy */;
		};
		A9582F0E232F575E0056C804 /* PBXTargetDependency */ = {
			isa = PBXTargetDependency;
			target = A9582EE8232F575D0056C804 /* Calculator */;
			targetProxy = A9582F0D232F575E0056C804 /* PBXContainerItemProxy */;
		};
/* End PBXTargetDependency section */

/* Begin PBXVariantGroup section */
		A9582EF2232F575D0056C804 /* Main.storyboard */ = {
			isa = PBXVariantGroup;
			children = (
				A9582EF3232F575D0056C804 /* Base */,
			);
			name = Main.storyboard;
			sourceTree = "<group>";
		};
		A9582EF7232F575E0056C804 /* LaunchScreen.storyboard */ = {
			isa = PBXVariantGroup;
			children = (
				A9582EF8232F575E0056C804 /* Base */,
			);
			name = LaunchScreen.storyboard;
			sourceTree = "<group>";
		};
/* End PBXVariantGroup section */

/* Begin XCBuildConfiguration section */
		A9582F13232F575F0056C804 /* Debug */ = {
			isa = XCBuildConfiguration;
			buildSettings = {
				ALWAYS_SEARCH_USER_PATHS = NO;
				CLANG_ANALYZER_NONNULL = YES;
				CLANG_ANALYZER_NUMBER_OBJECT_CONVERSION = YES_AGGRESSIVE;
				CLANG_CXX_LANGUAGE_STANDARD = "gnu++14";
				CLANG_CXX_LIBRARY = "libc++";
				CLANG_ENABLE_MODULES = YES;
				CLANG_ENABLE_OBJC_ARC = YES;
				CLANG_ENABLE_OBJC_WEAK = YES;
				CLANG_WARN_BLOCK_CAPTURE_AUTORELEASING = YES;
				CLANG_WARN_BOOL_CONVERSION = YES;
				CLANG_WARN_COMMA = YES;
				CLANG_WARN_CONSTANT_CONVERSION = YES;
				CLANG_WARN_DEPRECATED_OBJC_IMPLEMENTATIONS = YES;
				CLANG_WARN_DIRECT_OBJC_ISA_USAGE = YES_ERROR;
				CLANG_WARN_DOCUMENTATION_COMMENTS = YES;
				CLANG_WARN_EMPTY_BODY = YES;
				CLANG_WARN_ENUM_CONVERSION = YES;
				CLANG_WARN_INFINITE_RECURSION = YES;
				CLANG_WARN_INT_CONVERSION = YES;
				CLANG_WARN_NON_LITERAL_NULL_CONVERSION = YES;
				CLANG_WARN_OBJC_IMPLICIT_RETAIN_SELF = YES;
				CLANG_WARN_OBJC_LITERAL_CONVERSION = YES;
				CLANG_WARN_OBJC_ROOT_CLASS = YES_ERROR;
				CLANG_WARN_RANGE_LOOP_ANALYSIS = YES;
				CLANG_WARN_STRICT_PROTOTYPES = YES;
				CLANG_WARN_SUSPICIOUS_MOVE = YES;
				CLANG_WARN_UNGUARDED_AVAILABILITY = YES_AGGRESSIVE;
				CLANG_WARN_UNREACHABLE_CODE = YES;
				CLANG_WARN__DUPLICATE_METHOD_MATCH = YES;
				CODE_SIGN_IDENTITY = "iPhone Developer";
				COPY_PHASE_STRIP = NO;
				DEBUG_INFORMATION_FORMAT = dwarf;
				ENABLE_STRICT_OBJC_MSGSEND = YES;
				ENABLE_TESTABILITY = YES;
				GCC_C_LANGUAGE_STANDARD = gnu11;
				GCC_DYNAMIC_NO_PIC = NO;
				GCC_NO_COMMON_BLOCKS = YES;
				GCC_OPTIMIZATION_LEVEL = 0;
				GCC_PREPROCESSOR_DEFINITIONS = (
					"DEBUG=1",
					"$(inherited)",
				);
				GCC_WARN_64_TO_32_BIT_CONVERSION = YES;
				GCC_WARN_ABOUT_RETURN_TYPE = YES_ERROR;
				GCC_WARN_UNDECLARED_SELECTOR = YES;
				GCC_WARN_UNINITIALIZED_AUTOS = YES_AGGRESSIVE;
				GCC_WARN_UNUSED_FUNCTION = YES;
				GCC_WARN_UNUSED_VARIABLE = YES;
				IPHONEOS_DEPLOYMENT_TARGET = 12.1;
				MTL_ENABLE_DEBUG_INFO = INCLUDE_SOURCE;
				MTL_FAST_MATH = YES;
				ONLY_ACTIVE_ARCH = YES;
				SDKROOT = iphoneos;
			};
			name = Debug;
		};
		A9582F14232F575F0056C804 /* Release */ = {
			isa = XCBuildConfiguration;
			buildSettings = {
				ALWAYS_SEARCH_USER_PATHS = NO;
				CLANG_ANALYZER_NONNULL = YES;
				CLANG_ANALYZER_NUMBER_OBJECT_CONVERSION = YES_AGGRESSIVE;
				CLANG_CXX_LANGUAGE_STANDARD = "gnu++14";
				CLANG_CXX_LIBRARY = "libc++";
				CLANG_ENABLE_MODULES = YES;
				CLANG_ENABLE_OBJC_ARC = YES;
				CLANG_ENABLE_OBJC_WEAK = YES;
				CLANG_WARN_BLOCK_CAPTURE_AUTORELEASING = YES;
				CLANG_WARN_BOOL_CONVERSION = YES;
				CLANG_WARN_COMMA = YES;
				CLANG_WARN_CONSTANT_CONVERSION = YES;
				CLANG_WARN_DEPRECATED_OBJC_IMPLEMENTATIONS = YES;
				CLANG_WARN_DIRECT_OBJC_ISA_USAGE = YES_ERROR;
				CLANG_WARN_DOCUMENTATION_COMMENTS = YES;
				CLANG_WARN_EMPTY_BODY = YES;
				CLANG_WARN_ENUM_CONVERSION = YES;
				CLANG_WARN_INFINITE_RECURSION = YES;
				CLANG_WARN_INT_CONVERSION = YES;
				CLANG_WARN_NON_LITERAL_NULL_CONVERSION = YES;
				CLANG_WARN_OBJC_IMPLICIT_RETAIN_SELF = YES;
				CLANG_WARN_OBJC_LITERAL_CONVERSION = YES;
				CLANG_WARN_OBJC_ROOT_CLASS = YES_ERROR;
				CLANG_WARN_RANGE_LOOP_ANALYSIS = YES;
				CLANG_WARN_STRICT_PROTOTYPES = YES;
				CLANG_WARN_SUSPICIOUS_MOVE = YES;
				CLANG_WARN_UNGUARDED_AVAILABILITY = YES_AGGRESSIVE;
				CLANG_WARN_UNREACHABLE_CODE = YES;
				CLANG_WARN__DUPLICATE_METHOD_MATCH = YES;
				CODE_SIGN_IDENTITY = "iPhone Developer";
				COPY_PHASE_STRIP = NO;
				DEBUG_INFORMATION_FORMAT = "dwarf-with-dsym";
				ENABLE_NS_ASSERTIONS = NO;
				ENABLE_STRICT_OBJC_MSGSEND = YES;
				GCC_C_LANGUAGE_STANDARD = gnu11;
				GCC_NO_COMMON_BLOCKS = YES;
				GCC_WARN_64_TO_32_BIT_CONVERSION = YES;
				GCC_WARN_ABOUT_RETURN_TYPE = YES_ERROR;
				GCC_WARN_UNDECLARED_SELECTOR = YES;
				GCC_WARN_UNINITIALIZED_AUTOS = YES_AGGRESSIVE;
				GCC_WARN_UNUSED_FUNCTION = YES;
				GCC_WARN_UNUSED_VARIABLE = YES;
				IPHONEOS_DEPLOYMENT_TARGET = 12.1;
				MTL_ENABLE_DEBUG_INFO = NO;
				MTL_FAST_MATH = YES;
				SDKROOT = iphoneos;
				VALIDATE_PRODUCT = YES;
			};
			name = Release;
		};
		A9582F16232F575F0056C804 /* Debug */ = {
			isa = XCBuildConfiguration;
			buildSettings = {
				ASSETCATALOG_COMPILER_APPICON_NAME = AppIcon;
				CODE_SIGN_STYLE = Automatic;
				DEVELOPMENT_TEAM = 742VZG2F43;
				INFOPLIST_FILE = Calculator/Info.plist;
				LD_RUNPATH_SEARCH_PATHS = (
					"$(inherited)",
					"@executable_path/Frameworks",
				);
				PRODUCT_BUNDLE_IDENTIFIER = com.Calculator.Harry;
				PRODUCT_NAME = "$(TARGET_NAME)";
				TARGETED_DEVICE_FAMILY = "1,2";
			};
			name = Debug;
		};
		A9582F17232F575F0056C804 /* Release */ = {
			isa = XCBuildConfiguration;
			buildSettings = {
				ASSETCATALOG_COMPILER_APPICON_NAME = AppIcon;
				CODE_SIGN_STYLE = Automatic;
				DEVELOPMENT_TEAM = 742VZG2F43;
				INFOPLIST_FILE = Calculator/Info.plist;
				LD_RUNPATH_SEARCH_PATHS = (
					"$(inherited)",
					"@executable_path/Frameworks",
				);
				PRODUCT_BUNDLE_IDENTIFIER = com.Calculator.Harry;
				PRODUCT_NAME = "$(TARGET_NAME)";
				TARGETED_DEVICE_FAMILY = "1,2";
			};
			name = Release;
		};
		A9582F19232F575F0056C804 /* Debug */ = {
			isa = XCBuildConfiguration;
			buildSettings = {
				BUNDLE_LOADER = "$(TEST_HOST)";
				CODE_SIGN_STYLE = Automatic;
				DEVELOPMENT_TEAM = 7F3AA6M4EL;
				INFOPLIST_FILE = CalculatorTests/Info.plist;
				LD_RUNPATH_SEARCH_PATHS = (
					"$(inherited)",
					"@executable_path/Frameworks",
					"@loader_path/Frameworks",
				);
				PRODUCT_BUNDLE_IDENTIFIER = com.CalculatorTests;
				PRODUCT_NAME = "$(TARGET_NAME)";
				TARGETED_DEVICE_FAMILY = "1,2";
				TEST_HOST = "$(BUILT_PRODUCTS_DIR)/Calculator.app/Calculator";
			};
			name = Debug;
		};
		A9582F1A232F575F0056C804 /* Release */ = {
			isa = XCBuildConfiguration;
			buildSettings = {
				BUNDLE_LOADER = "$(TEST_HOST)";
				CODE_SIGN_STYLE = Automatic;
				DEVELOPMENT_TEAM = 7F3AA6M4EL;
				INFOPLIST_FILE = CalculatorTests/Info.plist;
				LD_RUNPATH_SEARCH_PATHS = (
					"$(inherited)",
					"@executable_path/Frameworks",
					"@loader_path/Frameworks",
				);
				PRODUCT_BUNDLE_IDENTIFIER = com.CalculatorTests;
				PRODUCT_NAME = "$(TARGET_NAME)";
				TARGETED_DEVICE_FAMILY = "1,2";
				TEST_HOST = "$(BUILT_PRODUCTS_DIR)/Calculator.app/Calculator";
			};
			name = Release;
		};
		A9582F1C232F575F0056C804 /* Debug */ = {
			isa = XCBuildConfiguration;
			buildSettings = {
				CODE_SIGN_STYLE = Automatic;
				DEVELOPMENT_TEAM = 7F3AA6M4EL;
				INFOPLIST_FILE = CalculatorUITests/Info.plist;
				LD_RUNPATH_SEARCH_PATHS = (
					"$(inherited)",
					"@executable_path/Frameworks",
					"@loader_path/Frameworks",
				);
				PRODUCT_BUNDLE_IDENTIFIER = com.CalculatorUITests;
				PRODUCT_NAME = "$(TARGET_NAME)";
				TARGETED_DEVICE_FAMILY = "1,2";
				TEST_TARGET_NAME = Calculator;
			};
			name = Debug;
		};
		A9582F1D232F575F0056C804 /* Release */ = {
			isa = XCBuildConfiguration;
			buildSettings = {
				CODE_SIGN_STYLE = Automatic;
				DEVELOPMENT_TEAM = 7F3AA6M4EL;
				INFOPLIST_FILE = CalculatorUITests/Info.plist;
				LD_RUNPATH_SEARCH_PATHS = (
					"$(inherited)",
					"@executable_path/Frameworks",
					"@loader_path/Frameworks",
				);
				PRODUCT_BUNDLE_IDENTIFIER = com.CalculatorUITests;
				PRODUCT_NAME = "$(TARGET_NAME)";
				TARGETED_DEVICE_FAMILY = "1,2";
				TEST_TARGET_NAME = Calculator;
			};
			name = Release;
		};
/* End XCBuildConfiguration section */

/* Begin XCConfigurationList section */
		A9582EE4232F575D0056C804 /* Build configuration list for PBXProject "Calculator" */ = {
			isa = XCConfigurationList;
			buildConfigurations = (
				A9582F13232F575F0056C804 /* Debug */,
				A9582F14232F575F0056C804 /* Release */,
			);
			defaultConfigurationIsVisible = 0;
			defaultConfigurationName = Release;
		};
		A9582F15232F575F0056C804 /* Build configuration list for PBXNativeTarget "Calculator" */ = {
			isa = XCConfigurationList;
			buildConfigurations = (
				A9582F16232F575F0056C804 /* Debug */,
				A9582F17232F575F0056C804 /* Release */,
			);
			defaultConfigurationIsVisible = 0;
			defaultConfigurationName = Release;
		};
		A9582F18232F575F0056C804 /* Build configuration list for PBXNativeTarget "CalculatorTests" */ = {
			isa = XCConfigurationList;
			buildConfigurations = (
				A9582F19232F575F0056C804 /* Debug */,
				A9582F1A232F575F0056C804 /* Release */,
			);
			defaultConfigurationIsVisible = 0;
			defaultConfigurationName = Release;
		};
		A9582F1B232F575F0056C804 /* Build configuration list for PBXNativeTarget "CalculatorUITests" */ = {
			isa = XCConfigurationList;
			buildConfigurations = (
				A9582F1C232F575F0056C804 /* Debug */,
				A9582F1D232F575F0056C804 /* Release */,
			);
			defaultConfigurationIsVisible = 0;
			defaultConfigurationName = Release;
		};
/* End XCConfigurationList section */
	};
	rootObject = A9582EE1232F575D0056C804 /* Project object */;
}
